
Microsoft Visual Studio Solution File, Format Version 12.00
# Visual Studio Version 17
VisualStudioVersion = 17.14.37314.3 d17.14
MinimumVisualStudioVersion = 10.0.40219.1
Project("{FAE04EC0-301F-11D3-BF4B-00C04F79EFBC}") = "LAP_API", "LAP_API\LAP_API.csproj", "{FCFFEAA0-422A-402F-9B19-1E1C29B7B748}"
EndProject
Global
	GlobalSection(SolutionConfigurationPlatforms) = preSolution
		Debug|Any CPU = Debug|Any CPU
		Release|Any CPU = Release|Any CPU
	EndGlobalSection
	GlobalSection(ProjectConfigurationPlatforms) = postSolution
		{FCFFEAA0-422A-402F-9B19-1E1C29B7B748}.Debug|Any CPU.ActiveCfg = Debug|Any CPU
		{FCFFEAA0-422A-402F-9B19-1E1C29B7B748}.Debug|Any CPU.Build.0 = Debug|Any CPU
		{FCFFEAA0-422A-402F-9B19-1E1C29B7B748}.Release|Any CPU.ActiveCfg = Release|Any CPU
		{FCFFEAA0-422A-402F-9B19-1E1C29B7B748}.Release|Any CPU.Build.0 = Release|Any CPU
	EndGlobalSection
	GlobalSection(SolutionProperties) = preSolution
		HideSolutionNode = FALSE
	EndGlobalSection
	GlobalSection(ExtensibilityGlobals) = postSolution
		SolutionGuid = {BCF7F256-85E9-4075-B313-248243BF4FD5}
	EndGlobalSection
EndGlobal
